
Microsoft Visual Studio Solution File, Format Version 12.00
# Visual Studio Version 16
VisualStudioVersion = 16.0.31129.286
MinimumVisualStudioVersion = 10.0.40219.1
Project("{FAE04EC0-301F-11D3-BF4B-00C04F79EFBC}") = "TesteAdmissional", "TesteAdmissional\TesteAdmissional.csproj", "{B9701D68-F1FC-4F4F-98E2-2A3D6CBA352C}"
EndProject
Global
	GlobalSection(SolutionConfigurationPlatforms) = preSolution
		Debug|Any CPU = Debug|Any CPU
		Release|Any CPU = Release|Any CPU
	EndGlobalSection
	GlobalSection(ProjectConfigurationPlatforms) = postSolution
		{B9701D68-F1FC-4F4F-98E2-2A3D6CBA352C}.Debug|Any CPU.ActiveCfg = Debug|Any CPU
		{B9701D68-F1FC-4F4F-98E2-2A3D6CBA352C}.Debug|Any CPU.Build.0 = Debug|Any CPU
		{B9701D68-F1FC-4F4F-98E2-2A3D6CBA352C}.Release|Any CPU.ActiveCfg = Release|Any CPU
		{B9701D68-F1FC-4F4F-98E2-2A3D6CBA352C}.Release|Any CPU.Build.0 = Release|Any CPU
	EndGlobalSection
	GlobalSection(SolutionProperties) = preSolution
		HideSolutionNode = FALSE
	EndGlobalSection
	GlobalSection(ExtensibilityGlobals) = postSolution
		SolutionGuid = {1B0502A5-7A24-4B85-BB29-26336B4839CA}
	EndGlobalSection
EndGlobal
